
Microsoft Visual Studio Solution File, Format Version 12.00
# Visual Studio Version 17
VisualStudioVersion = 17.8.34511.84
MinimumVisualStudioVersion = 10.0.40219.1
Project("{FAE04EC0-301F-11D3-BF4B-00C04F79EFBC}") = "UserProfileAPI", "UserProfileAPI\UserProfileAPI.csproj", "{F644B533-B771-4DF7-B63F-E9F561C58A0D}"
EndProject
Global
	GlobalSection(SolutionConfigurationPlatforms) = preSolution
		Debug|Any CPU = Debug|Any CPU
		Release|Any CPU = Release|Any CPU
	EndGlobalSection
	GlobalSection(ProjectConfigurationPlatforms) = postSolution
		{F644B533-B771-4DF7-B63F-E9F561C58A0D}.Debug|Any CPU.ActiveCfg = Debug|Any CPU
		{F644B533-B771-4DF7-B63F-E9F561C58A0D}.Debug|Any CPU.Build.0 = Debug|Any CPU
		{F644B533-B771-4DF7-B63F-E9F561C58A0D}.Release|Any CPU.ActiveCfg = Release|Any CPU
		{F644B533-B771-4DF7-B63F-E9F561C58A0D}.Release|Any CPU.Build.0 = Release|Any CPU
	EndGlobalSection
	GlobalSection(SolutionProperties) = preSolution
		HideSolutionNode = FALSE
	EndGlobalSection
	GlobalSection(ExtensibilityGlobals) = postSolution
		SolutionGuid = {E215F9D6-C881-430D-8F72-556F41ADDCF7}
	EndGlobalSection
EndGlobal
